// !$*UTF8*$!
{
	archiveVersion = 1;
	classes = {
	};
	objectVersion = 56;
	objects = {

/* Begin PBXBuildFile section */
		954A5C5F2A8CC415008257D4 /* monopolyApp.swift in Sources */ = {isa = PBXBuildFile; fileRef = 954A5C5E2A8CC415008257D4 /* monopolyApp.swift */; };
		954A5C612A8CC415008257D4 /* ContentView.swift in Sources */ = {isa = PBXBuildFile; fileRef = 954A5C602A8CC415008257D4 /* ContentView.swift */; };
		954A5C632A8CC416008257D4 /* Assets.xcassets in Resources */ = {isa = PBXBuildFile; fileRef = 954A5C622A8CC416008257D4 /* Assets.xcassets */; };
		954A5C662A8CC416008257D4 /* Preview Assets.xcassets in Resources */ = {isa = PBXBuildFile; fileRef = 954A5C652A8CC416008257D4 /* Preview Assets.xcassets */; };
		956CDD832A8E0E490019F0EC /* TilePosition.swift in Sources */ = {isa = PBXBuildFile; fileRef = 956CDD822A8E0E490019F0EC /* TilePosition.swift */; };
		956CDD852A8E0F4E0019F0EC /* TilePositionModel.swift in Sources */ = {isa = PBXBuildFile; fileRef = 956CDD842A8E0F4E0019F0EC /* TilePositionModel.swift */; };
		956CDD862A8E15F80019F0EC /* TilePosition.json in Resources */ = {isa = PBXBuildFile; fileRef = 956CDD802A8E0C250019F0EC /* TilePosition.json */; };
		959E37DE2A9864F8006E7508 /* CityTileView.swift in Sources */ = {isa = PBXBuildFile; fileRef = 959E37DD2A9864F8006E7508 /* CityTileView.swift */; };
		95B62A392A91E9F400FE1FDD /* PlayerModel.swift in Sources */ = {isa = PBXBuildFile; fileRef = 95B62A382A91E9F400FE1FDD /* PlayerModel.swift */; };
		95EE88852A977C9800EA5DE2 /* BuyingOptionView.swift in Sources */ = {isa = PBXBuildFile; fileRef = 95EE88842A977C9800EA5DE2 /* BuyingOptionView.swift */; };
		95F83C9D2A92514B004D10B1 /* SwiftUIView.swift in Sources */ = {isa = PBXBuildFile; fileRef = 95F83C9C2A92514B004D10B1 /* SwiftUIView.swift */; };
		95F83CA32A94B071004D10B1 /* Tile0View.swift in Sources */ = {isa = PBXBuildFile; fileRef = 95F83CA22A94B071004D10B1 /* Tile0View.swift */; };
		95F83CA52A94B0B7004D10B1 /* Tile1View.swift in Sources */ = {isa = PBXBuildFile; fileRef = 95F83CA42A94B0B7004D10B1 /* Tile1View.swift */; };
		95F83CA72A94B155004D10B1 /* Tile2View.swift in Sources */ = {isa = PBXBuildFile; fileRef = 95F83CA62A94B155004D10B1 /* Tile2View.swift */; };
		95F83CA92A94B176004D10B1 /* Tile3View.swift in Sources */ = {isa = PBXBuildFile; fileRef = 95F83CA82A94B176004D10B1 /* Tile3View.swift */; };
		95F83CAB2A94B17F004D10B1 /* Tile4View.swift in Sources */ = {isa = PBXBuildFile; fileRef = 95F83CAA2A94B17F004D10B1 /* Tile4View.swift */; };
		95F83CAD2A94B185004D10B1 /* Tile5View.swift in Sources */ = {isa = PBXBuildFile; fileRef = 95F83CAC2A94B185004D10B1 /* Tile5View.swift */; };
		95F83CAF2A94B195004D10B1 /* Tile6View.swift in Sources */ = {isa = PBXBuildFile; fileRef = 95F83CAE2A94B195004D10B1 /* Tile6View.swift */; };
		95F83CB12A94B1EB004D10B1 /* Tile7View.swift in Sources */ = {isa = PBXBuildFile; fileRef = 95F83CB02A94B1EB004D10B1 /* Tile7View.swift */; };
		95F83CB32A94B1F5004D10B1 /* Tile8View.swift in Sources */ = {isa = PBXBuildFile; fileRef = 95F83CB22A94B1F5004D10B1 /* Tile8View.swift */; };
		95F83CB52A94B211004D10B1 /* Tile9View.swift in Sources */ = {isa = PBXBuildFile; fileRef = 95F83CB42A94B211004D10B1 /* Tile9View.swift */; };
		95F83CB72A94B21D004D10B1 /* Tile10View.swift in Sources */ = {isa = PBXBuildFile; fileRef = 95F83CB62A94B21D004D10B1 /* Tile10View.swift */; };
		95F83CB92A94B221004D10B1 /* Tile11View.swift in Sources */ = {isa = PBXBuildFile; fileRef = 95F83CB82A94B221004D10B1 /* Tile11View.swift */; };
		95F83CBB2A94B22B004D10B1 /* Tile12View.swift in Sources */ = {isa = PBXBuildFile; fileRef = 95F83CBA2A94B22B004D10B1 /* Tile12View.swift */; };
		95F83CBD2A94B232004D10B1 /* Tile13View.swift in Sources */ = {isa = PBXBuildFile; fileRef = 95F83CBC2A94B232004D10B1 /* Tile13View.swift */; };
		95F83CBF2A94B237004D10B1 /* Tile14View.swift in Sources */ = {isa = PBXBuildFile; fileRef = 95F83CBE2A94B237004D10B1 /* Tile14View.swift */; };
		95F83CC12A94B23D004D10B1 /* Tile15View.swift in Sources */ = {isa = PBXBuildFile; fileRef = 95F83CC02A94B23D004D10B1 /* Tile15View.swift */; };
		95F83CC32A94B244004D10B1 /* Tile16View.swift in Sources */ = {isa = PBXBuildFile; fileRef = 95F83CC22A94B244004D10B1 /* Tile16View.swift */; };
		95F83CC52A94B24C004D10B1 /* Tile17View.swift in Sources */ = {isa = PBXBuildFile; fileRef = 95F83CC42A94B24C004D10B1 /* Tile17View.swift */; };
		95F83CC72A94B25B004D10B1 /* Tile18View.swift in Sources */ = {isa = PBXBuildFile; fileRef = 95F83CC62A94B25B004D10B1 /* Tile18View.swift */; };
		95F83CC92A94B268004D10B1 /* Tile20View.swift in Sources */ = {isa = PBXBuildFile; fileRef = 95F83CC82A94B268004D10B1 /* Tile20View.swift */; };
		95F83CCB2A94B26D004D10B1 /* Tile19View.swift in Sources */ = {isa = PBXBuildFile; fileRef = 95F83CCA2A94B26D004D10B1 /* Tile19View.swift */; };
		95F83CCD2A94B274004D10B1 /* Tile21View.swift in Sources */ = {isa = PBXBuildFile; fileRef = 95F83CCC2A94B274004D10B1 /* Tile21View.swift */; };
		95F83CCF2A94B279004D10B1 /* Tile22View.swift in Sources */ = {isa = PBXBuildFile; fileRef = 95F83CCE2A94B279004D10B1 /* Tile22View.swift */; };
		95F83CD12A94B27E004D10B1 /* Tile23View.swift in Sources */ = {isa = PBXBuildFile; fileRef = 95F83CD02A94B27E004D10B1 /* Tile23View.swift */; };
		95F83CD32A94B283004D10B1 /* Tile24View.swift in Sources */ = {isa = PBXBuildFile; fileRef = 95F83CD22A94B283004D10B1 /* Tile24View.swift */; };
		95F83CD52A94B28D004D10B1 /* Tile25View.swift in Sources */ = {isa = PBXBuildFile; fileRef = 95F83CD42A94B28D004D10B1 /* Tile25View.swift */; };
		95F83CD72A94B293004D10B1 /* Tile26View.swift in Sources */ = {isa = PBXBuildFile; fileRef = 95F83CD62A94B293004D10B1 /* Tile26View.swift */; };
		95F83CDB2A94B2B2004D10B1 /* Tile27View.swift in Sources */ = {isa = PBXBuildFile; fileRef = 95F83CDA2A94B2B2004D10B1 /* Tile27View.swift */; };
		95F83CDD2A94B2BC004D10B1 /* Tile28View.swift in Sources */ = {isa = PBXBuildFile; fileRef = 95F83CDC2A94B2BC004D10B1 /* Tile28View.swift */; };
		95F83CDF2A94B2C6004D10B1 /* Tile29View.swift in Sources */ = {isa = PBXBuildFile; fileRef = 95F83CDE2A94B2C6004D10B1 /* Tile29View.swift */; };
		95F83CE12A94B2CB004D10B1 /* Tile30View.swift in Sources */ = {isa = PBXBuildFile; fileRef = 95F83CE02A94B2CB004D10B1 /* Tile30View.swift */; };
		95F83CE32A94B2D1004D10B1 /* Tile31View.swift in Sources */ = {isa = PBXBuildFile; fileRef = 95F83CE22A94B2D1004D10B1 /* Tile31View.swift */; };
		95F83CE52A94B2D8004D10B1 /* Tile32View.swift in Sources */ = {isa = PBXBuildFile; fileRef = 95F83CE42A94B2D8004D10B1 /* Tile32View.swift */; };
		95F83CE72A94B2DF004D10B1 /* Tile33View.swift in Sources */ = {isa = PBXBuildFile; fileRef = 95F83CE62A94B2DF004D10B1 /* Tile33View.swift */; };
		95F83CE92A94B2E8004D10B1 /* Tile34View.swift in Sources */ = {isa = PBXBuildFile; fileRef = 95F83CE82A94B2E8004D10B1 /* Tile34View.swift */; };
		95F83CEB2A94B2EE004D10B1 /* Tile35View.swift in Sources */ = {isa = PBXBuildFile; fileRef = 95F83CEA2A94B2EE004D10B1 /* Tile35View.swift */; };
		95F83CED2A94B510004D10B1 /* RightTileView.swift in Sources */ = {isa = PBXBuildFile; fileRef = 95F83CEC2A94B510004D10B1 /* RightTileView.swift */; };
		95F83CEF2A94B524004D10B1 /* TopTileView.swift in Sources */ = {isa = PBXBuildFile; fileRef = 95F83CEE2A94B524004D10B1 /* TopTileView.swift */; };
		95F83CF12A94B52F004D10B1 /* LeftTileView.swift in Sources */ = {isa = PBXBuildFile; fileRef = 95F83CF02A94B52F004D10B1 /* LeftTileView.swift */; };
		95F83CF32A94B543004D10B1 /* BottomTileView.swift in Sources */ = {isa = PBXBuildFile; fileRef = 95F83CF22A94B543004D10B1 /* BottomTileView.swift */; };
		95F83CF62A94C987004D10B1 /* PLayerInfoView.swift in Sources */ = {isa = PBXBuildFile; fileRef = 95F83CF52A94C987004D10B1 /* PLayerInfoView.swift */; };
		95F83CF82A94D92A004D10B1 /* PlayerNameMoneyView.swift in Sources */ = {isa = PBXBuildFile; fileRef = 95F83CF72A94D92A004D10B1 /* PlayerNameMoneyView.swift */; };
		95F83CFA2A95F220004D10B1 /* City.json in Resources */ = {isa = PBXBuildFile; fileRef = 95F83CF92A95F220004D10B1 /* City.json */; };
		95F83CFC2A95F22F004D10B1 /* City.swift in Sources */ = {isa = PBXBuildFile; fileRef = 95F83CFB2A95F22F004D10B1 /* City.swift */; };
		95F83CFE2A95F234004D10B1 /* CityModel.swift in Sources */ = {isa = PBXBuildFile; fileRef = 95F83CFD2A95F234004D10B1 /* CityModel.swift */; };
		95FF4D0C2A8F4DD000229C64 /* Player.swift in Sources */ = {isa = PBXBuildFile; fileRef = 95FF4D0B2A8F4DD000229C64 /* Player.swift */; };
		95FF4D0E2A8F8F4F00229C64 /* BoardView.swift in Sources */ = {isa = PBXBuildFile; fileRef = 95FF4D0D2A8F8F4F00229C64 /* BoardView.swift */; };
		DE4D515F2A9CA89000CC7E82 /* TaxTileView.swift in Sources */ = {isa = PBXBuildFile; fileRef = DE4D515E2A9CA89000CC7E82 /* TaxTileView.swift */; };
/* End PBXBuildFile section */

/* Begin PBXFileReference section */
		954A5C5B2A8CC415008257D4 /* monopoly.app */ = {isa = PBXFileReference; explicitFileType = wrapper.application; includeInIndex = 0; path = monopoly.app; sourceTree = BUILT_PRODUCTS_DIR; };
		954A5C5E2A8CC415008257D4 /* monopolyApp.swift */ = {isa = PBXFileReference; lastKnownFileType = sourcecode.swift; path = monopolyApp.swift; sourceTree = "<group>"; };
		954A5C602A8CC415008257D4 /* ContentView.swift */ = {isa = PBXFileReference; lastKnownFileType = sourcecode.swift; path = ContentView.swift; sourceTree = "<group>"; };
		954A5C622A8CC416008257D4 /* Assets.xcassets */ = {isa = PBXFileReference; lastKnownFileType = folder.assetcatalog; path = Assets.xcassets; sourceTree = "<group>"; };
		954A5C652A8CC416008257D4 /* Preview Assets.xcassets */ = {isa = PBXFileReference; lastKnownFileType = folder.assetcatalog; path = "Preview Assets.xcassets"; sourceTree = "<group>"; };
		956CDD802A8E0C250019F0EC /* TilePosition.json */ = {isa = PBXFileReference; lastKnownFileType = text.json; path = TilePosition.json; sourceTree = "<group>"; };
		956CDD822A8E0E490019F0EC /* TilePosition.swift */ = {isa = PBXFileReference; lastKnownFileType = sourcecode.swift; path = TilePosition.swift; sourceTree = "<group>"; };
		956CDD842A8E0F4E0019F0EC /* TilePositionModel.swift */ = {isa = PBXFileReference; lastKnownFileType = sourcecode.swift; path = TilePositionModel.swift; sourceTree = "<group>"; };
		959E37DD2A9864F8006E7508 /* CityTileView.swift */ = {isa = PBXFileReference; lastKnownFileType = sourcecode.swift; path = CityTileView.swift; sourceTree = "<group>"; };
		95B62A382A91E9F400FE1FDD /* PlayerModel.swift */ = {isa = PBXFileReference; lastKnownFileType = sourcecode.swift; path = PlayerModel.swift; sourceTree = "<group>"; };
		95EE88842A977C9800EA5DE2 /* BuyingOptionView.swift */ = {isa = PBXFileReference; lastKnownFileType = sourcecode.swift; path = BuyingOptionView.swift; sourceTree = "<group>"; };
		95F83C9C2A92514B004D10B1 /* SwiftUIView.swift */ = {isa = PBXFileReference; lastKnownFileType = sourcecode.swift; path = SwiftUIView.swift; sourceTree = "<group>"; };
		95F83CA22A94B071004D10B1 /* Tile0View.swift */ = {isa = PBXFileReference; lastKnownFileType = sourcecode.swift; path = Tile0View.swift; sourceTree = "<group>"; };
		95F83CA42A94B0B7004D10B1 /* Tile1View.swift */ = {isa = PBXFileReference; lastKnownFileType = sourcecode.swift; path = Tile1View.swift; sourceTree = "<group>"; };
		95F83CA62A94B155004D10B1 /* Tile2View.swift */ = {isa = PBXFileReference; lastKnownFileType = sourcecode.swift; path = Tile2View.swift; sourceTree = "<group>"; };
		95F83CA82A94B176004D10B1 /* Tile3View.swift */ = {isa = PBXFileReference; lastKnownFileType = sourcecode.swift; path = Tile3View.swift; sourceTree = "<group>"; };
		95F83CAA2A94B17F004D10B1 /* Tile4View.swift */ = {isa = PBXFileReference; lastKnownFileType = sourcecode.swift; path = Tile4View.swift; sourceTree = "<group>"; };
		95F83CAC2A94B185004D10B1 /* Tile5View.swift */ = {isa = PBXFileReference; lastKnownFileType = sourcecode.swift; path = Tile5View.swift; sourceTree = "<group>"; };
		95F83CAE2A94B195004D10B1 /* Tile6View.swift */ = {isa = PBXFileReference; lastKnownFileType = sourcecode.swift; path = Tile6View.swift; sourceTree = "<group>"; };
		95F83CB02A94B1EB004D10B1 /* Tile7View.swift */ = {isa = PBXFileReference; lastKnownFileType = sourcecode.swift; path = Tile7View.swift; sourceTree = "<group>"; };
		95F83CB22A94B1F5004D10B1 /* Tile8View.swift */ = {isa = PBXFileReference; lastKnownFileType = sourcecode.swift; path = Tile8View.swift; sourceTree = "<group>"; };
		95F83CB42A94B211004D10B1 /* Tile9View.swift */ = {isa = PBXFileReference; lastKnownFileType = sourcecode.swift; path = Tile9View.swift; sourceTree = "<group>"; };
		95F83CB62A94B21D004D10B1 /* Tile10View.swift */ = {isa = PBXFileReference; lastKnownFileType = sourcecode.swift; path = Tile10View.swift; sourceTree = "<group>"; };
		95F83CB82A94B221004D10B1 /* Tile11View.swift */ = {isa = PBXFileReference; lastKnownFileType = sourcecode.swift; path = Tile11View.swift; sourceTree = "<group>"; };
		95F83CBA2A94B22B004D10B1 /* Tile12View.swift */ = {isa = PBXFileReference; lastKnownFileType = sourcecode.swift; path = Tile12View.swift; sourceTree = "<group>"; };
		95F83CBC2A94B232004D10B1 /* Tile13View.swift */ = {isa = PBXFileReference; lastKnownFileType = sourcecode.swift; path = Tile13View.swift; sourceTree = "<group>"; };
		95F83CBE2A94B237004D10B1 /* Tile14View.swift */ = {isa = PBXFileReference; lastKnownFileType = sourcecode.swift; path = Tile14View.swift; sourceTree = "<group>"; };
		95F83CC02A94B23D004D10B1 /* Tile15View.swift */ = {isa = PBXFileReference; lastKnownFileType = sourcecode.swift; path = Tile15View.swift; sourceTree = "<group>"; };
		95F83CC22A94B244004D10B1 /* Tile16View.swift */ = {isa = PBXFileReference; lastKnownFileType = sourcecode.swift; path = Tile16View.swift; sourceTree = "<group>"; };
		95F83CC42A94B24C004D10B1 /* Tile17View.swift */ = {isa = PBXFileReference; lastKnownFileType = sourcecode.swift; path = Tile17View.swift; sourceTree = "<group>"; };
		95F83CC62A94B25B004D10B1 /* Tile18View.swift */ = {isa = PBXFileReference; lastKnownFileType = sourcecode.swift; path = Tile18View.swift; sourceTree = "<group>"; };
		95F83CC82A94B268004D10B1 /* Tile20View.swift */ = {isa = PBXFileReference; lastKnownFileType = sourcecode.swift; path = Tile20View.swift; sourceTree = "<group>"; };
		95F83CCA2A94B26D004D10B1 /* Tile19View.swift */ = {isa = PBXFileReference; lastKnownFileType = sourcecode.swift; path = Tile19View.swift; sourceTree = "<group>"; };
		95F83CCC2A94B274004D10B1 /* Tile21View.swift */ = {isa = PBXFileReference; lastKnownFileType = sourcecode.swift; path = Tile21View.swift; sourceTree = "<group>"; };
		95F83CCE2A94B279004D10B1 /* Tile22View.swift */ = {isa = PBXFileReference; lastKnownFileType = sourcecode.swift; path = Tile22View.swift; sourceTree = "<group>"; };
		95F83CD02A94B27E004D10B1 /* Tile23View.swift */ = {isa = PBXFileReference; lastKnownFileType = sourcecode.swift; path = Tile23View.swift; sourceTree = "<group>"; };
		95F83CD22A94B283004D10B1 /* Tile24View.swift */ = {isa = PBXFileReference; lastKnownFileType = sourcecode.swift; path = Tile24View.swift; sourceTree = "<group>"; };
		95F83CD42A94B28D004D10B1 /* Tile25View.swift */ = {isa = PBXFileReference; lastKnownFileType = sourcecode.swift; path = Tile25View.swift; sourceTree = "<group>"; };
		95F83CD62A94B293004D10B1 /* Tile26View.swift */ = {isa = PBXFileReference; lastKnownFileType = sourcecode.swift; path = Tile26View.swift; sourceTree = "<group>"; };
		95F83CDA2A94B2B2004D10B1 /* Tile27View.swift */ = {isa = PBXFileReference; lastKnownFileType = sourcecode.swift; path = Tile27View.swift; sourceTree = "<group>"; };
		95F83CDC2A94B2BC004D10B1 /* Tile28View.swift */ = {isa = PBXFileReference; lastKnownFileType = sourcecode.swift; path = Tile28View.swift; sourceTree = "<group>"; };
		95F83CDE2A94B2C6004D10B1 /* Tile29View.swift */ = {isa = PBXFileReference; lastKnownFileType = sourcecode.swift; path = Tile29View.swift; sourceTree = "<group>"; };
		95F83CE02A94B2CB004D10B1 /* Tile30View.swift */ = {isa = PBXFileReference; lastKnownFileType = sourcecode.swift; path = Tile30View.swift; sourceTree = "<group>"; };
		95F83CE22A94B2D1004D10B1 /* Tile31View.swift */ = {isa = PBXFileReference; lastKnownFileType = sourcecode.swift; path = Tile31View.swift; sourceTree = "<group>"; };
		95F83CE42A94B2D8004D10B1 /* Tile32View.swift */ = {isa = PBXFileReference; lastKnownFileType = sourcecode.swift; path = Tile32View.swift; sourceTree = "<group>"; };
		95F83CE62A94B2DF004D10B1 /* Tile33View.swift */ = {isa = PBXFileReference; lastKnownFileType = sourcecode.swift; path = Tile33View.swift; sourceTree = "<group>"; };
		95F83CE82A94B2E8004D10B1 /* Tile34View.swift */ = {isa = PBXFileReference; lastKnownFileType = sourcecode.swift; path = Tile34View.swift; sourceTree = "<group>"; };
		95F83CEA2A94B2EE004D10B1 /* Tile35View.swift */ = {isa = PBXFileReference; lastKnownFileType = sourcecode.swift; path = Tile35View.swift; sourceTree = "<group>"; };
		95F83CEC2A94B510004D10B1 /* RightTileView.swift */ = {isa = PBXFileReference; lastKnownFileType = sourcecode.swift; path = RightTileView.swift; sourceTree = "<group>"; };
		95F83CEE2A94B524004D10B1 /* TopTileView.swift */ = {isa = PBXFileReference; lastKnownFileType = sourcecode.swift; path = TopTileView.swift; sourceTree = "<group>"; };
		95F83CF02A94B52F004D10B1 /* LeftTileView.swift */ = {isa = PBXFileReference; lastKnownFileType = sourcecode.swift; path = LeftTileView.swift; sourceTree = "<group>"; };
		95F83CF22A94B543004D10B1 /* BottomTileView.swift */ = {isa = PBXFileReference; lastKnownFileType = sourcecode.swift; path = BottomTileView.swift; sourceTree = "<group>"; };
		95F83CF52A94C987004D10B1 /* PLayerInfoView.swift */ = {isa = PBXFileReference; lastKnownFileType = sourcecode.swift; path = PLayerInfoView.swift; sourceTree = "<group>"; };
		95F83CF72A94D92A004D10B1 /* PlayerNameMoneyView.swift */ = {isa = PBXFileReference; lastKnownFileType = sourcecode.swift; path = PlayerNameMoneyView.swift; sourceTree = "<group>"; };
		95F83CF92A95F220004D10B1 /* City.json */ = {isa = PBXFileReference; lastKnownFileType = text.json; path = City.json; sourceTree = "<group>"; };
		95F83CFB2A95F22F004D10B1 /* City.swift */ = {isa = PBXFileReference; lastKnownFileType = sourcecode.swift; path = City.swift; sourceTree = "<group>"; };
		95F83CFD2A95F234004D10B1 /* CityModel.swift */ = {isa = PBXFileReference; lastKnownFileType = sourcecode.swift; path = CityModel.swift; sourceTree = "<group>"; };
		95FF4D0B2A8F4DD000229C64 /* Player.swift */ = {isa = PBXFileReference; lastKnownFileType = sourcecode.swift; path = Player.swift; sourceTree = "<group>"; };
		95FF4D0D2A8F8F4F00229C64 /* BoardView.swift */ = {isa = PBXFileReference; lastKnownFileType = sourcecode.swift; path = BoardView.swift; sourceTree = "<group>"; };
		DE4D515E2A9CA89000CC7E82 /* TaxTileView.swift */ = {isa = PBXFileReference; lastKnownFileType = sourcecode.swift; path = TaxTileView.swift; sourceTree = "<group>"; };
/* End PBXFileReference section */

/* Begin PBXFrameworksBuildPhase section */
		954A5C582A8CC415008257D4 /* Frameworks */ = {
			isa = PBXFrameworksBuildPhase;
			buildActionMask = 2147483647;
			files = (
			);
			runOnlyForDeploymentPostprocessing = 0;
		};
/* End PBXFrameworksBuildPhase section */

/* Begin PBXGroup section */
		954A5C522A8CC415008257D4 = {
			isa = PBXGroup;
			children = (
				954A5C5D2A8CC415008257D4 /* monopoly */,
				954A5C5C2A8CC415008257D4 /* Products */,
			);
			sourceTree = "<group>";
		};
		954A5C5C2A8CC415008257D4 /* Products */ = {
			isa = PBXGroup;
			children = (
				954A5C5B2A8CC415008257D4 /* monopoly.app */,
			);
			name = Products;
			sourceTree = "<group>";
		};
		954A5C5D2A8CC415008257D4 /* monopoly */ = {
			isa = PBXGroup;
			children = (
				959E37DF2A98A345006E7508 /* Tile View */,
				954A5C5E2A8CC415008257D4 /* monopolyApp.swift */,
				954A5C602A8CC415008257D4 /* ContentView.swift */,
				95EE88842A977C9800EA5DE2 /* BuyingOptionView.swift */,
				95F83CF72A94D92A004D10B1 /* PlayerNameMoneyView.swift */,
				95F83CF52A94C987004D10B1 /* PLayerInfoView.swift */,
				95FF4D0D2A8F8F4F00229C64 /* BoardView.swift */,
				956CDD812A8E0E2F0019F0EC /* Model */,
				954A5C622A8CC416008257D4 /* Assets.xcassets */,
				956CDD802A8E0C250019F0EC /* TilePosition.json */,
				95F83CF92A95F220004D10B1 /* City.json */,
				95F83C9B2A925126004D10B1 /* testing */,
				954A5C642A8CC416008257D4 /* Preview Content */,
			);
			path = monopoly;
			sourceTree = "<group>";
		};
		954A5C642A8CC416008257D4 /* Preview Content */ = {
			isa = PBXGroup;
			children = (
				954A5C652A8CC416008257D4 /* Preview Assets.xcassets */,
			);
			path = "Preview Content";
			sourceTree = "<group>";
		};
		956CDD812A8E0E2F0019F0EC /* Model */ = {
			isa = PBXGroup;
			children = (
				956CDD822A8E0E490019F0EC /* TilePosition.swift */,
				956CDD842A8E0F4E0019F0EC /* TilePositionModel.swift */,
				95FF4D0B2A8F4DD000229C64 /* Player.swift */,
				95B62A382A91E9F400FE1FDD /* PlayerModel.swift */,
				95F83CFB2A95F22F004D10B1 /* City.swift */,
				95F83CFD2A95F234004D10B1 /* CityModel.swift */,
			);
			path = Model;
			sourceTree = "<group>";
		};
		959E37DF2A98A345006E7508 /* Tile View */ = {
			isa = PBXGroup;
			children = (
				959E37DD2A9864F8006E7508 /* CityTileView.swift */,
				DE4D515E2A9CA89000CC7E82 /* TaxTileView.swift */,
				95F83CA12A94B04F004D10B1 /* Right Tile View */,
				95F83CA02A94AEB5004D10B1 /* Top Tile View */,
				95F83C9F2A94AE8C004D10B1 /* Left Tile View */,
				95F83C9E2A94AE74004D10B1 /* Bottom Tile View */,
			);
			path = "Tile View";
			sourceTree = "<group>";
		};
		95F83C9B2A925126004D10B1 /* testing */ = {
			isa = PBXGroup;
			children = (
				95F83C9C2A92514B004D10B1 /* SwiftUIView.swift */,
			);
			path = testing;
			sourceTree = "<group>";
		};
		95F83C9E2A94AE74004D10B1 /* Bottom Tile View */ = {
			isa = PBXGroup;
			children = (
				95F83CF22A94B543004D10B1 /* BottomTileView.swift */,
				95F83CA22A94B071004D10B1 /* Tile0View.swift */,
				95F83CA42A94B0B7004D10B1 /* Tile1View.swift */,
				95F83CA62A94B155004D10B1 /* Tile2View.swift */,
				95F83CA82A94B176004D10B1 /* Tile3View.swift */,
				95F83CAA2A94B17F004D10B1 /* Tile4View.swift */,
				95F83CAC2A94B185004D10B1 /* Tile5View.swift */,
				95F83CAE2A94B195004D10B1 /* Tile6View.swift */,
				95F83CB02A94B1EB004D10B1 /* Tile7View.swift */,
				95F83CB22A94B1F5004D10B1 /* Tile8View.swift */,
			);
			path = "Bottom Tile View";
			sourceTree = "<group>";
		};
		95F83C9F2A94AE8C004D10B1 /* Left Tile View */ = {
			isa = PBXGroup;
			children = (
				95F83CF02A94B52F004D10B1 /* LeftTileView.swift */,
				95F83CB42A94B211004D10B1 /* Tile9View.swift */,
				95F83CB62A94B21D004D10B1 /* Tile10View.swift */,
				95F83CB82A94B221004D10B1 /* Tile11View.swift */,
				95F83CBA2A94B22B004D10B1 /* Tile12View.swift */,
				95F83CBC2A94B232004D10B1 /* Tile13View.swift */,
				95F83CBE2A94B237004D10B1 /* Tile14View.swift */,
				95F83CC02A94B23D004D10B1 /* Tile15View.swift */,
				95F83CC22A94B244004D10B1 /* Tile16View.swift */,
				95F83CC42A94B24C004D10B1 /* Tile17View.swift */,
			);
			path = "Left Tile View";
			sourceTree = "<group>";
		};
		95F83CA02A94AEB5004D10B1 /* Top Tile View */ = {
			isa = PBXGroup;
			children = (
				95F83CEE2A94B524004D10B1 /* TopTileView.swift */,
				95F83CC62A94B25B004D10B1 /* Tile18View.swift */,
				95F83CCA2A94B26D004D10B1 /* Tile19View.swift */,
				95F83CC82A94B268004D10B1 /* Tile20View.swift */,
				95F83CCC2A94B274004D10B1 /* Tile21View.swift */,
				95F83CCE2A94B279004D10B1 /* Tile22View.swift */,
				95F83CD02A94B27E004D10B1 /* Tile23View.swift */,
				95F83CD22A94B283004D10B1 /* Tile24View.swift */,
				95F83CD42A94B28D004D10B1 /* Tile25View.swift */,
				95F83CD62A94B293004D10B1 /* Tile26View.swift */,
			);
			path = "Top Tile View";
			sourceTree = "<group>";
		};
		95F83CA12A94B04F004D10B1 /* Right Tile View */ = {
			isa = PBXGroup;
			children = (
				95F83CEC2A94B510004D10B1 /* RightTileView.swift */,
				95F83CDA2A94B2B2004D10B1 /* Tile27View.swift */,
				95F83CDC2A94B2BC004D10B1 /* Tile28View.swift */,
				95F83CDE2A94B2C6004D10B1 /* Tile29View.swift */,
				95F83CE02A94B2CB004D10B1 /* Tile30View.swift */,
				95F83CE22A94B2D1004D10B1 /* Tile31View.swift */,
				95F83CE42A94B2D8004D10B1 /* Tile32View.swift */,
				95F83CE62A94B2DF004D10B1 /* Tile33View.swift */,
				95F83CE82A94B2E8004D10B1 /* Tile34View.swift */,
				95F83CEA2A94B2EE004D10B1 /* Tile35View.swift */,
			);
			path = "Right Tile View";
			sourceTree = "<group>";
		};
/* End PBXGroup section */

/* Begin PBXNativeTarget section */
		954A5C5A2A8CC415008257D4 /* monopoly */ = {
			isa = PBXNativeTarget;
			buildConfigurationList = 954A5C692A8CC416008257D4 /* Build configuration list for PBXNativeTarget "monopoly" */;
			buildPhases = (
				954A5C572A8CC415008257D4 /* Sources */,
				954A5C582A8CC415008257D4 /* Frameworks */,
				954A5C592A8CC415008257D4 /* Resources */,
			);
			buildRules = (
			);
			dependencies = (
			);
			name = monopoly;
			productName = monopoly;
			productReference = 954A5C5B2A8CC415008257D4 /* monopoly.app */;
			productType = "com.apple.product-type.application";
		};
/* End PBXNativeTarget section */

/* Begin PBXProject section */
		954A5C532A8CC415008257D4 /* Project object */ = {
			isa = PBXProject;
			attributes = {
				BuildIndependentTargetsInParallel = 1;
				LastSwiftUpdateCheck = 1430;
				LastUpgradeCheck = 1430;
				TargetAttributes = {
					954A5C5A2A8CC415008257D4 = {
						CreatedOnToolsVersion = 14.3.1;
					};
				};
			};
			buildConfigurationList = 954A5C562A8CC415008257D4 /* Build configuration list for PBXProject "monopoly" */;
			compatibilityVersion = "Xcode 14.0";
			developmentRegion = en;
			hasScannedForEncodings = 0;
			knownRegions = (
				en,
				Base,
			);
			mainGroup = 954A5C522A8CC415008257D4;
			productRefGroup = 954A5C5C2A8CC415008257D4 /* Products */;
			projectDirPath = "";
			projectRoot = "";
			targets = (
				954A5C5A2A8CC415008257D4 /* monopoly */,
			);
		};
/* End PBXProject section */

/* Begin PBXResourcesBuildPhase section */
		954A5C592A8CC415008257D4 /* Resources */ = {
			isa = PBXResourcesBuildPhase;
			buildActionMask = 2147483647;
			files = (
				954A5C662A8CC416008257D4 /* Preview Assets.xcassets in Resources */,
				954A5C632A8CC416008257D4 /* Assets.xcassets in Resources */,
				95F83CFA2A95F220004D10B1 /* City.json in Resources */,
				956CDD862A8E15F80019F0EC /* TilePosition.json in Resources */,
			);
			runOnlyForDeploymentPostprocessing = 0;
		};
/* End PBXResourcesBuildPhase section */

/* Begin PBXSourcesBuildPhase section */
		954A5C572A8CC415008257D4 /* Sources */ = {
			isa = PBXSourcesBuildPhase;
			buildActionMask = 2147483647;
			files = (
				DE4D515F2A9CA89000CC7E82 /* TaxTileView.swift in Sources */,
				956CDD852A8E0F4E0019F0EC /* TilePositionModel.swift in Sources */,
				954A5C612A8CC415008257D4 /* ContentView.swift in Sources */,
				95F83CCF2A94B279004D10B1 /* Tile22View.swift in Sources */,
				95F83CC12A94B23D004D10B1 /* Tile15View.swift in Sources */,
				95F83CFE2A95F234004D10B1 /* CityModel.swift in Sources */,
				95F83CC32A94B244004D10B1 /* Tile16View.swift in Sources */,
				95F83CCB2A94B26D004D10B1 /* Tile19View.swift in Sources */,
				95F83CC52A94B24C004D10B1 /* Tile17View.swift in Sources */,
				95F83CD32A94B283004D10B1 /* Tile24View.swift in Sources */,
				95F83CDD2A94B2BC004D10B1 /* Tile28View.swift in Sources */,
				95F83CA72A94B155004D10B1 /* Tile2View.swift in Sources */,
				95F83CCD2A94B274004D10B1 /* Tile21View.swift in Sources */,
				95F83CA32A94B071004D10B1 /* Tile0View.swift in Sources */,
				95F83CBD2A94B232004D10B1 /* Tile13View.swift in Sources */,
				95F83CF32A94B543004D10B1 /* BottomTileView.swift in Sources */,
				95F83C9D2A92514B004D10B1 /* SwiftUIView.swift in Sources */,
				95F83CB72A94B21D004D10B1 /* Tile10View.swift in Sources */,
				95F83CA52A94B0B7004D10B1 /* Tile1View.swift in Sources */,
				95F83CED2A94B510004D10B1 /* RightTileView.swift in Sources */,
				95F83CF12A94B52F004D10B1 /* LeftTileView.swift in Sources */,
				95F83CE32A94B2D1004D10B1 /* Tile31View.swift in Sources */,
				95F83CD52A94B28D004D10B1 /* Tile25View.swift in Sources */,
				95F83CF62A94C987004D10B1 /* PLayerInfoView.swift in Sources */,
				954A5C5F2A8CC415008257D4 /* monopolyApp.swift in Sources */,
				95FF4D0E2A8F8F4F00229C64 /* BoardView.swift in Sources */,
				95F83CE72A94B2DF004D10B1 /* Tile33View.swift in Sources */,
				95F83CEF2A94B524004D10B1 /* TopTileView.swift in Sources */,
				95F83CFC2A95F22F004D10B1 /* City.swift in Sources */,
				95F83CE52A94B2D8004D10B1 /* Tile32View.swift in Sources */,
				95F83CB52A94B211004D10B1 /* Tile9View.swift in Sources */,
				95F83CF82A94D92A004D10B1 /* PlayerNameMoneyView.swift in Sources */,
				95F83CC92A94B268004D10B1 /* Tile20View.swift in Sources */,
				95FF4D0C2A8F4DD000229C64 /* Player.swift in Sources */,
				95F83CDB2A94B2B2004D10B1 /* Tile27View.swift in Sources */,
				95F83CB32A94B1F5004D10B1 /* Tile8View.swift in Sources */,
				956CDD832A8E0E490019F0EC /* TilePosition.swift in Sources */,
				95F83CB12A94B1EB004D10B1 /* Tile7View.swift in Sources */,
				95F83CB92A94B221004D10B1 /* Tile11View.swift in Sources */,
				95F83CDF2A94B2C6004D10B1 /* Tile29View.swift in Sources */,
				95F83CA92A94B176004D10B1 /* Tile3View.swift in Sources */,
				95F83CEB2A94B2EE004D10B1 /* Tile35View.swift in Sources */,
				95B62A392A91E9F400FE1FDD /* PlayerModel.swift in Sources */,
				95EE88852A977C9800EA5DE2 /* BuyingOptionView.swift in Sources */,
				95F83CE12A94B2CB004D10B1 /* Tile30View.swift in Sources */,
				95F83CD12A94B27E004D10B1 /* Tile23View.swift in Sources */,
				959E37DE2A9864F8006E7508 /* CityTileView.swift in Sources */,
				95F83CBF2A94B237004D10B1 /* Tile14View.swift in Sources */,
				95F83CAF2A94B195004D10B1 /* Tile6View.swift in Sources */,
				95F83CBB2A94B22B004D10B1 /* Tile12View.swift in Sources */,
				95F83CD72A94B293004D10B1 /* Tile26View.swift in Sources */,
				95F83CAD2A94B185004D10B1 /* Tile5View.swift in Sources */,
				95F83CE92A94B2E8004D10B1 /* Tile34View.swift in Sources */,
				95F83CC72A94B25B004D10B1 /* Tile18View.swift in Sources */,
				95F83CAB2A94B17F004D10B1 /* Tile4View.swift in Sources */,
			);
			runOnlyForDeploymentPostprocessing = 0;
		};
/* End PBXSourcesBuildPhase section */

/* Begin XCBuildConfiguration section */
		954A5C672A8CC416008257D4 /* Debug */ = {
			isa = XCBuildConfiguration;
			buildSettings = {
				ALWAYS_SEARCH_USER_PATHS = NO;
				CLANG_ANALYZER_NONNULL = YES;
				CLANG_ANALYZER_NUMBER_OBJECT_CONVERSION = YES_AGGRESSIVE;
				CLANG_CXX_LANGUAGE_STANDARD = "gnu++20";
				CLANG_ENABLE_MODULES = YES;
				CLANG_ENABLE_OBJC_ARC = YES;
				CLANG_ENABLE_OBJC_WEAK = YES;
				CLANG_WARN_BLOCK_CAPTURE_AUTORELEASING = YES;
				CLANG_WARN_BOOL_CONVERSION = YES;
				CLANG_WARN_COMMA = YES;
				CLANG_WARN_CONSTANT_CONVERSION = YES;
				CLANG_WARN_DEPRECATED_OBJC_IMPLEMENTATIONS = YES;
				CLANG_WARN_DIRECT_OBJC_ISA_USAGE = YES_ERROR;
				CLANG_WARN_DOCUMENTATION_COMMENTS = YES;
				CLANG_WARN_EMPTY_BODY = YES;
				CLANG_WARN_ENUM_CONVERSION = YES;
				CLANG_WARN_INFINITE_RECURSION = YES;
				CLANG_WARN_INT_CONVERSION = YES;
				CLANG_WARN_NON_LITERAL_NULL_CONVERSION = YES;
				CLANG_WARN_OBJC_IMPLICIT_RETAIN_SELF = YES;
				CLANG_WARN_OBJC_LITERAL_CONVERSION = YES;
				CLANG_WARN_OBJC_ROOT_CLASS = YES_ERROR;
				CLANG_WARN_QUOTED_INCLUDE_IN_FRAMEWORK_HEADER = YES;
				CLANG_WARN_RANGE_LOOP_ANALYSIS = YES;
				CLANG_WARN_STRICT_PROTOTYPES = YES;
				CLANG_WARN_SUSPICIOUS_MOVE = YES;
				CLANG_WARN_UNGUARDED_AVAILABILITY = YES_AGGRESSIVE;
				CLANG_WARN_UNREACHABLE_CODE = YES;
				CLANG_WARN__DUPLICATE_METHOD_MATCH = YES;
				COPY_PHASE_STRIP = NO;
				DEBUG_INFORMATION_FORMAT = dwarf;
				ENABLE_STRICT_OBJC_MSGSEND = YES;
				ENABLE_TESTABILITY = YES;
				GCC_C_LANGUAGE_STANDARD = gnu11;
				GCC_DYNAMIC_NO_PIC = NO;
				GCC_NO_COMMON_BLOCKS = YES;
				GCC_OPTIMIZATION_LEVEL = 0;
				GCC_PREPROCESSOR_DEFINITIONS = (
					"DEBUG=1",
					"$(inherited)",
				);
				GCC_WARN_64_TO_32_BIT_CONVERSION = YES;
				GCC_WARN_ABOUT_RETURN_TYPE = YES_ERROR;
				GCC_WARN_UNDECLARED_SELECTOR = YES;
				GCC_WARN_UNINITIALIZED_AUTOS = YES_AGGRESSIVE;
				GCC_WARN_UNUSED_FUNCTION = YES;
				GCC_WARN_UNUSED_VARIABLE = YES;
				IPHONEOS_DEPLOYMENT_TARGET = 16.4;
				MTL_ENABLE_DEBUG_INFO = INCLUDE_SOURCE;
				MTL_FAST_MATH = YES;
				ONLY_ACTIVE_ARCH = YES;
				SDKROOT = iphoneos;
				SWIFT_ACTIVE_COMPILATION_CONDITIONS = DEBUG;
				SWIFT_OPTIMIZATION_LEVEL = "-Onone";
			};
			name = Debug;
		};
		954A5C682A8CC416008257D4 /* Release */ = {
			isa = XCBuildConfiguration;
			buildSettings = {
				ALWAYS_SEARCH_USER_PATHS = NO;
				CLANG_ANALYZER_NONNULL = YES;
				CLANG_ANALYZER_NUMBER_OBJECT_CONVERSION = YES_AGGRESSIVE;
				CLANG_CXX_LANGUAGE_STANDARD = "gnu++20";
				CLANG_ENABLE_MODULES = YES;
				CLANG_ENABLE_OBJC_ARC = YES;
				CLANG_ENABLE_OBJC_WEAK = YES;
				CLANG_WARN_BLOCK_CAPTURE_AUTORELEASING = YES;
				CLANG_WARN_BOOL_CONVERSION = YES;
				CLANG_WARN_COMMA = YES;
				CLANG_WARN_CONSTANT_CONVERSION = YES;
				CLANG_WARN_DEPRECATED_OBJC_IMPLEMENTATIONS = YES;
				CLANG_WARN_DIRECT_OBJC_ISA_USAGE = YES_ERROR;
				CLANG_WARN_DOCUMENTATION_COMMENTS = YES;
				CLANG_WARN_EMPTY_BODY = YES;
				CLANG_WARN_ENUM_CONVERSION = YES;
				CLANG_WARN_INFINITE_RECURSION = YES;
				CLANG_WARN_INT_CONVERSION = YES;
				CLANG_WARN_NON_LITERAL_NULL_CONVERSION = YES;
				CLANG_WARN_OBJC_IMPLICIT_RETAIN_SELF = YES;
				CLANG_WARN_OBJC_LITERAL_CONVERSION = YES;
				CLANG_WARN_OBJC_ROOT_CLASS = YES_ERROR;
				CLANG_WARN_QUOTED_INCLUDE_IN_FRAMEWORK_HEADER = YES;
				CLANG_WARN_RANGE_LOOP_ANALYSIS = YES;
				CLANG_WARN_STRICT_PROTOTYPES = YES;
				CLANG_WARN_SUSPICIOUS_MOVE = YES;
				CLANG_WARN_UNGUARDED_AVAILABILITY = YES_AGGRESSIVE;
				CLANG_WARN_UNREACHABLE_CODE = YES;
				CLANG_WARN__DUPLICATE_METHOD_MATCH = YES;
				COPY_PHASE_STRIP = NO;
				DEBUG_INFORMATION_FORMAT = "dwarf-with-dsym";
				ENABLE_NS_ASSERTIONS = NO;
				ENABLE_STRICT_OBJC_MSGSEND = YES;
				GCC_C_LANGUAGE_STANDARD = gnu11;
				GCC_NO_COMMON_BLOCKS = YES;
				GCC_WARN_64_TO_32_BIT_CONVERSION = YES;
				GCC_WARN_ABOUT_RETURN_TYPE = YES_ERROR;
				GCC_WARN_UNDECLARED_SELECTOR = YES;
				GCC_WARN_UNINITIALIZED_AUTOS = YES_AGGRESSIVE;
				GCC_WARN_UNUSED_FUNCTION = YES;
				GCC_WARN_UNUSED_VARIABLE = YES;
				IPHONEOS_DEPLOYMENT_TARGET = 16.4;
				MTL_ENABLE_DEBUG_INFO = NO;
				MTL_FAST_MATH = YES;
				SDKROOT = iphoneos;
				SWIFT_COMPILATION_MODE = wholemodule;
				SWIFT_OPTIMIZATION_LEVEL = "-O";
				VALIDATE_PRODUCT = YES;
			};
			name = Release;
		};
		954A5C6A2A8CC416008257D4 /* Debug */ = {
			isa = XCBuildConfiguration;
			buildSettings = {
				ASSETCATALOG_COMPILER_APPICON_NAME = AppIcon;
				ASSETCATALOG_COMPILER_GLOBAL_ACCENT_COLOR_NAME = AccentColor;
				CODE_SIGN_STYLE = Automatic;
				CURRENT_PROJECT_VERSION = 1;
				DEVELOPMENT_ASSET_PATHS = "\"monopoly/Preview Content\"";
				ENABLE_PREVIEWS = YES;
				GENERATE_INFOPLIST_FILE = YES;
				INFOPLIST_KEY_UIApplicationSceneManifest_Generation = YES;
				INFOPLIST_KEY_UIApplicationSupportsIndirectInputEvents = YES;
				INFOPLIST_KEY_UILaunchScreen_Generation = YES;
				INFOPLIST_KEY_UISupportedInterfaceOrientations_iPad = "UIInterfaceOrientationPortrait UIInterfaceOrientationPortraitUpsideDown UIInterfaceOrientationLandscapeLeft UIInterfaceOrientationLandscapeRight";
				INFOPLIST_KEY_UISupportedInterfaceOrientations_iPhone = "UIInterfaceOrientationPortrait UIInterfaceOrientationLandscapeLeft UIInterfaceOrientationLandscapeRight";
				LD_RUNPATH_SEARCH_PATHS = (
					"$(inherited)",
					"@executable_path/Frameworks",
				);
				MARKETING_VERSION = 1.0;
				PRODUCT_BUNDLE_IDENTIFIER = vn.edu.rmit.edu.monopoly;
				PRODUCT_NAME = "$(TARGET_NAME)";
				SWIFT_EMIT_LOC_STRINGS = YES;
				SWIFT_VERSION = 5.0;
				TARGETED_DEVICE_FAMILY = "1,2";
			};
			name = Debug;
		};
		954A5C6B2A8CC416008257D4 /* Release */ = {
			isa = XCBuildConfiguration;
			buildSettings = {
				ASSETCATALOG_COMPILER_APPICON_NAME = AppIcon;
				ASSETCATALOG_COMPILER_GLOBAL_ACCENT_COLOR_NAME = AccentColor;
				CODE_SIGN_STYLE = Automatic;
				CURRENT_PROJECT_VERSION = 1;
				DEVELOPMENT_ASSET_PATHS = "\"monopoly/Preview Content\"";
				ENABLE_PREVIEWS = YES;
				GENERATE_INFOPLIST_FILE = YES;
				INFOPLIST_KEY_UIApplicationSceneManifest_Generation = YES;
				INFOPLIST_KEY_UIApplicationSupportsIndirectInputEvents = YES;
				INFOPLIST_KEY_UILaunchScreen_Generation = YES;
				INFOPLIST_KEY_UISupportedInterfaceOrientations_iPad = "UIInterfaceOrientationPortrait UIInterfaceOrientationPortraitUpsideDown UIInterfaceOrientationLandscapeLeft UIInterfaceOrientationLandscapeRight";
				INFOPLIST_KEY_UISupportedInterfaceOrientations_iPhone = "UIInterfaceOrientationPortrait UIInterfaceOrientationLandscapeLeft UIInterfaceOrientationLandscapeRight";
				LD_RUNPATH_SEARCH_PATHS = (
					"$(inherited)",
					"@executable_path/Frameworks",
				);
				MARKETING_VERSION = 1.0;
				PRODUCT_BUNDLE_IDENTIFIER = vn.edu.rmit.edu.monopoly;
				PRODUCT_NAME = "$(TARGET_NAME)";
				SWIFT_EMIT_LOC_STRINGS = YES;
				SWIFT_VERSION = 5.0;
				TARGETED_DEVICE_FAMILY = "1,2";
			};
			name = Release;
		};
/* End XCBuildConfiguration section */

/* Begin XCConfigurationList section */
		954A5C562A8CC415008257D4 /* Build configuration list for PBXProject "monopoly" */ = {
			isa = XCConfigurationList;
			buildConfigurations = (
				954A5C672A8CC416008257D4 /* Debug */,
				954A5C682A8CC416008257D4 /* Release */,
			);
			defaultConfigurationIsVisible = 0;
			defaultConfigurationName = Release;
		};
		954A5C692A8CC416008257D4 /* Build configuration list for PBXNativeTarget "monopoly" */ = {
			isa = XCConfigurationList;
			buildConfigurations = (
				954A5C6A2A8CC416008257D4 /* Debug */,
				954A5C6B2A8CC416008257D4 /* Release */,
			);
			defaultConfigurationIsVisible = 0;
			defaultConfigurationName = Release;
		};
/* End XCConfigurationList section */
	};
	rootObject = 954A5C532A8CC415008257D4 /* Project object */;
}
