// !$*UTF8*$!
{
	archiveVersion = 1;
	classes = {
	};
	objectVersion = 56;
	objects = {

/* Begin PBXBuildFile section */
		954A5C5F2A8CC415008257D4 /* monopolyApp.swift in Sources */ = {isa = PBXBuildFile; fileRef = 954A5C5E2A8CC415008257D4 /* monopolyApp.swift */; };
		954A5C612A8CC415008257D4 /* ContentView.swift in Sources */ = {isa = PBXBuildFile; fileRef = 954A5C602A8CC415008257D4 /* ContentView.swift */; };
		954A5C632A8CC416008257D4 /* Assets.xcassets in Resources */ = {isa = PBXBuildFile; fileRef = 954A5C622A8CC416008257D4 /* Assets.xcassets */; };
		954A5C662A8CC416008257D4 /* Preview Assets.xcassets in Resources */ = {isa = PBXBuildFile; fileRef = 954A5C652A8CC416008257D4 /* Preview Assets.xcassets */; };
		956CDD832A8E0E490019F0EC /* TilePosition.swift in Sources */ = {isa = PBXBuildFile; fileRef = 956CDD822A8E0E490019F0EC /* TilePosition.swift */; };
		956CDD852A8E0F4E0019F0EC /* TilePositionModel.swift in Sources */ = {isa = PBXBuildFile; fileRef = 956CDD842A8E0F4E0019F0EC /* TilePositionModel.swift */; };
		956CDD862A8E15F80019F0EC /* TilePosition.json in Resources */ = {isa = PBXBuildFile; fileRef = 956CDD802A8E0C250019F0EC /* TilePosition.json */; };
		95B62A392A91E9F400FE1FDD /* PlayerModel.swift in Sources */ = {isa = PBXBuildFile; fileRef = 95B62A382A91E9F400FE1FDD /* PlayerModel.swift */; };
		95FF4D0C2A8F4DD000229C64 /* Player.swift in Sources */ = {isa = PBXBuildFile; fileRef = 95FF4D0B2A8F4DD000229C64 /* Player.swift */; };
		95FF4D0E2A8F8F4F00229C64 /* BoardView.swift in Sources */ = {isa = PBXBuildFile; fileRef = 95FF4D0D2A8F8F4F00229C64 /* BoardView.swift */; };
/* End PBXBuildFile section */

/* Begin PBXFileReference section */
		954A5C5B2A8CC415008257D4 /* monopoly.app */ = {isa = PBXFileReference; explicitFileType = wrapper.application; includeInIndex = 0; path = monopoly.app; sourceTree = BUILT_PRODUCTS_DIR; };
		954A5C5E2A8CC415008257D4 /* monopolyApp.swift */ = {isa = PBXFileReference; lastKnownFileType = sourcecode.swift; path = monopolyApp.swift; sourceTree = "<group>"; };
		954A5C602A8CC415008257D4 /* ContentView.swift */ = {isa = PBXFileReference; lastKnownFileType = sourcecode.swift; path = ContentView.swift; sourceTree = "<group>"; };
		954A5C622A8CC416008257D4 /* Assets.xcassets */ = {isa = PBXFileReference; lastKnownFileType = folder.assetcatalog; path = Assets.xcassets; sourceTree = "<group>"; };
		954A5C652A8CC416008257D4 /* Preview Assets.xcassets */ = {isa = PBXFileReference; lastKnownFileType = folder.assetcatalog; path = "Preview Assets.xcassets"; sourceTree = "<group>"; };
		956CDD802A8E0C250019F0EC /* TilePosition.json */ = {isa = PBXFileReference; lastKnownFileType = text.json; path = TilePosition.json; sourceTree = "<group>"; };
		956CDD822A8E0E490019F0EC /* TilePosition.swift */ = {isa = PBXFileReference; lastKnownFileType = sourcecode.swift; path = TilePosition.swift; sourceTree = "<group>"; };
		956CDD842A8E0F4E0019F0EC /* TilePositionModel.swift */ = {isa = PBXFileReference; lastKnownFileType = sourcecode.swift; path = TilePositionModel.swift; sourceTree = "<group>"; };
		95B62A382A91E9F400FE1FDD /* PlayerModel.swift */ = {isa = PBXFileReference; lastKnownFileType = sourcecode.swift; path = PlayerModel.swift; sourceTree = "<group>"; };
		95FF4D0B2A8F4DD000229C64 /* Player.swift */ = {isa = PBXFileReference; lastKnownFileType = sourcecode.swift; path = Player.swift; sourceTree = "<group>"; };
		95FF4D0D2A8F8F4F00229C64 /* BoardView.swift */ = {isa = PBXFileReference; lastKnownFileType = sourcecode.swift; path = BoardView.swift; sourceTree = "<group>"; };
/* End PBXFileReference section */

/* Begin PBXFrameworksBuildPhase section */
		954A5C582A8CC415008257D4 /* Frameworks */ = {
			isa = PBXFrameworksBuildPhase;
			buildActionMask = 2147483647;
			files = (
			);
			runOnlyForDeploymentPostprocessing = 0;
		};
/* End PBXFrameworksBuildPhase section */

/* Begin PBXGroup section */
		954A5C522A8CC415008257D4 = {
			isa = PBXGroup;
			children = (
				954A5C5D2A8CC415008257D4 /* monopoly */,
				954A5C5C2A8CC415008257D4 /* Products */,
			);
			sourceTree = "<group>";
		};
		954A5C5C2A8CC415008257D4 /* Products */ = {
			isa = PBXGroup;
			children = (
				954A5C5B2A8CC415008257D4 /* monopoly.app */,
			);
			name = Products;
			sourceTree = "<group>";
		};
		954A5C5D2A8CC415008257D4 /* monopoly */ = {
			isa = PBXGroup;
			children = (
				954A5C5E2A8CC415008257D4 /* monopolyApp.swift */,
				954A5C602A8CC415008257D4 /* ContentView.swift */,
				95FF4D0D2A8F8F4F00229C64 /* BoardView.swift */,
				956CDD812A8E0E2F0019F0EC /* Model */,
				954A5C622A8CC416008257D4 /* Assets.xcassets */,
				956CDD802A8E0C250019F0EC /* TilePosition.json */,
				954A5C642A8CC416008257D4 /* Preview Content */,
			);
			path = monopoly;
			sourceTree = "<group>";
		};
		954A5C642A8CC416008257D4 /* Preview Content */ = {
			isa = PBXGroup;
			children = (
				954A5C652A8CC416008257D4 /* Preview Assets.xcassets */,
			);
			path = "Preview Content";
			sourceTree = "<group>";
		};
		956CDD812A8E0E2F0019F0EC /* Model */ = {
			isa = PBXGroup;
			children = (
				956CDD822A8E0E490019F0EC /* TilePosition.swift */,
				956CDD842A8E0F4E0019F0EC /* TilePositionModel.swift */,
				95FF4D0B2A8F4DD000229C64 /* Player.swift */,
				95B62A382A91E9F400FE1FDD /* PlayerModel.swift */,
			);
			path = Model;
			sourceTree = "<group>";
		};
/* End PBXGroup section */

/* Begin PBXNativeTarget section */
		954A5C5A2A8CC415008257D4 /* monopoly */ = {
			isa = PBXNativeTarget;
			buildConfigurationList = 954A5C692A8CC416008257D4 /* Build configuration list for PBXNativeTarget "monopoly" */;
			buildPhases = (
				954A5C572A8CC415008257D4 /* Sources */,
				954A5C582A8CC415008257D4 /* Frameworks */,
				954A5C592A8CC415008257D4 /* Resources */,
			);
			buildRules = (
			);
			dependencies = (
			);
			name = monopoly;
			productName = monopoly;
			productReference = 954A5C5B2A8CC415008257D4 /* monopoly.app */;
			productType = "com.apple.product-type.application";
		};
/* End PBXNativeTarget section */

/* Begin PBXProject section */
		954A5C532A8CC415008257D4 /* Project object */ = {
			isa = PBXProject;
			attributes = {
				BuildIndependentTargetsInParallel = 1;
				LastSwiftUpdateCheck = 1430;
				LastUpgradeCheck = 1430;
				TargetAttributes = {
					954A5C5A2A8CC415008257D4 = {
						CreatedOnToolsVersion = 14.3.1;
					};
				};
			};
			buildConfigurationList = 954A5C562A8CC415008257D4 /* Build configuration list for PBXProject "monopoly" */;
			compatibilityVersion = "Xcode 14.0";
			developmentRegion = en;
			hasScannedForEncodings = 0;
			knownRegions = (
				en,
				Base,
			);
			mainGroup = 954A5C522A8CC415008257D4;
			productRefGroup = 954A5C5C2A8CC415008257D4 /* Products */;
			projectDirPath = "";
			projectRoot = "";
			targets = (
				954A5C5A2A8CC415008257D4 /* monopoly */,
			);
		};
/* End PBXProject section */

/* Begin PBXResourcesBuildPhase section */
		954A5C592A8CC415008257D4 /* Resources */ = {
			isa = PBXResourcesBuildPhase;
			buildActionMask = 2147483647;
			files = (
				954A5C662A8CC416008257D4 /* Preview Assets.xcassets in Resources */,
				954A5C632A8CC416008257D4 /* Assets.xcassets in Resources */,
				956CDD862A8E15F80019F0EC /* TilePosition.json in Resources */,
			);
			runOnlyForDeploymentPostprocessing = 0;
		};
/* End PBXResourcesBuildPhase section */

/* Begin PBXSourcesBuildPhase section */
		954A5C572A8CC415008257D4 /* Sources */ = {
			isa = PBXSourcesBuildPhase;
			buildActionMask = 2147483647;
			files = (
				956CDD852A8E0F4E0019F0EC /* TilePositionModel.swift in Sources */,
				954A5C612A8CC415008257D4 /* ContentView.swift in Sources */,
				954A5C5F2A8CC415008257D4 /* monopolyApp.swift in Sources */,
				95FF4D0E2A8F8F4F00229C64 /* BoardView.swift in Sources */,
				95FF4D0C2A8F4DD000229C64 /* Player.swift in Sources */,
				956CDD832A8E0E490019F0EC /* TilePosition.swift in Sources */,
				95B62A392A91E9F400FE1FDD /* PlayerModel.swift in Sources */,
			);
			runOnlyForDeploymentPostprocessing = 0;
		};
/* End PBXSourcesBuildPhase section */

/* Begin XCBuildConfiguration section */
		954A5C672A8CC416008257D4 /* Debug */ = {
			isa = XCBuildConfiguration;
			buildSettings = {
				ALWAYS_SEARCH_USER_PATHS = NO;
				CLANG_ANALYZER_NONNULL = YES;
				CLANG_ANALYZER_NUMBER_OBJECT_CONVERSION = YES_AGGRESSIVE;
				CLANG_CXX_LANGUAGE_STANDARD = "gnu++20";
				CLANG_ENABLE_MODULES = YES;
				CLANG_ENABLE_OBJC_ARC = YES;
				CLANG_ENABLE_OBJC_WEAK = YES;
				CLANG_WARN_BLOCK_CAPTURE_AUTORELEASING = YES;
				CLANG_WARN_BOOL_CONVERSION = YES;
				CLANG_WARN_COMMA = YES;
				CLANG_WARN_CONSTANT_CONVERSION = YES;
				CLANG_WARN_DEPRECATED_OBJC_IMPLEMENTATIONS = YES;
				CLANG_WARN_DIRECT_OBJC_ISA_USAGE = YES_ERROR;
				CLANG_WARN_DOCUMENTATION_COMMENTS = YES;
				CLANG_WARN_EMPTY_BODY = YES;
				CLANG_WARN_ENUM_CONVERSION = YES;
				CLANG_WARN_INFINITE_RECURSION = YES;
				CLANG_WARN_INT_CONVERSION = YES;
				CLANG_WARN_NON_LITERAL_NULL_CONVERSION = YES;
				CLANG_WARN_OBJC_IMPLICIT_RETAIN_SELF = YES;
				CLANG_WARN_OBJC_LITERAL_CONVERSION = YES;
				CLANG_WARN_OBJC_ROOT_CLASS = YES_ERROR;
				CLANG_WARN_QUOTED_INCLUDE_IN_FRAMEWORK_HEADER = YES;
				CLANG_WARN_RANGE_LOOP_ANALYSIS = YES;
				CLANG_WARN_STRICT_PROTOTYPES = YES;
				CLANG_WARN_SUSPICIOUS_MOVE = YES;
				CLANG_WARN_UNGUARDED_AVAILABILITY = YES_AGGRESSIVE;
				CLANG_WARN_UNREACHABLE_CODE = YES;
				CLANG_WARN__DUPLICATE_METHOD_MATCH = YES;
				COPY_PHASE_STRIP = NO;
				DEBUG_INFORMATION_FORMAT = dwarf;
				ENABLE_STRICT_OBJC_MSGSEND = YES;
				ENABLE_TESTABILITY = YES;
				GCC_C_LANGUAGE_STANDARD = gnu11;
				GCC_DYNAMIC_NO_PIC = NO;
				GCC_NO_COMMON_BLOCKS = YES;
				GCC_OPTIMIZATION_LEVEL = 0;
				GCC_PREPROCESSOR_DEFINITIONS = (
					"DEBUG=1",
					"$(inherited)",
				);
				GCC_WARN_64_TO_32_BIT_CONVERSION = YES;
				GCC_WARN_ABOUT_RETURN_TYPE = YES_ERROR;
				GCC_WARN_UNDECLARED_SELECTOR = YES;
				GCC_WARN_UNINITIALIZED_AUTOS = YES_AGGRESSIVE;
				GCC_WARN_UNUSED_FUNCTION = YES;
				GCC_WARN_UNUSED_VARIABLE = YES;
				IPHONEOS_DEPLOYMENT_TARGET = 16.4;
				MTL_ENABLE_DEBUG_INFO = INCLUDE_SOURCE;
				MTL_FAST_MATH = YES;
				ONLY_ACTIVE_ARCH = YES;
				SDKROOT = iphoneos;
				SWIFT_ACTIVE_COMPILATION_CONDITIONS = DEBUG;
				SWIFT_OPTIMIZATION_LEVEL = "-Onone";
			};
			name = Debug;
		};
		954A5C682A8CC416008257D4 /* Release */ = {
			isa = XCBuildConfiguration;
			buildSettings = {
				ALWAYS_SEARCH_USER_PATHS = NO;
				CLANG_ANALYZER_NONNULL = YES;
				CLANG_ANALYZER_NUMBER_OBJECT_CONVERSION = YES_AGGRESSIVE;
				CLANG_CXX_LANGUAGE_STANDARD = "gnu++20";
				CLANG_ENABLE_MODULES = YES;
				CLANG_ENABLE_OBJC_ARC = YES;
				CLANG_ENABLE_OBJC_WEAK = YES;
				CLANG_WARN_BLOCK_CAPTURE_AUTORELEASING = YES;
				CLANG_WARN_BOOL_CONVERSION = YES;
				CLANG_WARN_COMMA = YES;
				CLANG_WARN_CONSTANT_CONVERSION = YES;
				CLANG_WARN_DEPRECATED_OBJC_IMPLEMENTATIONS = YES;
				CLANG_WARN_DIRECT_OBJC_ISA_USAGE = YES_ERROR;
				CLANG_WARN_DOCUMENTATION_COMMENTS = YES;
				CLANG_WARN_EMPTY_BODY = YES;
				CLANG_WARN_ENUM_CONVERSION = YES;
				CLANG_WARN_INFINITE_RECURSION = YES;
				CLANG_WARN_INT_CONVERSION = YES;
				CLANG_WARN_NON_LITERAL_NULL_CONVERSION = YES;
				CLANG_WARN_OBJC_IMPLICIT_RETAIN_SELF = YES;
				CLANG_WARN_OBJC_LITERAL_CONVERSION = YES;
				CLANG_WARN_OBJC_ROOT_CLASS = YES_ERROR;
				CLANG_WARN_QUOTED_INCLUDE_IN_FRAMEWORK_HEADER = YES;
				CLANG_WARN_RANGE_LOOP_ANALYSIS = YES;
				CLANG_WARN_STRICT_PROTOTYPES = YES;
				CLANG_WARN_SUSPICIOUS_MOVE = YES;
				CLANG_WARN_UNGUARDED_AVAILABILITY = YES_AGGRESSIVE;
				CLANG_WARN_UNREACHABLE_CODE = YES;
				CLANG_WARN__DUPLICATE_METHOD_MATCH = YES;
				COPY_PHASE_STRIP = NO;
				DEBUG_INFORMATION_FORMAT = "dwarf-with-dsym";
				ENABLE_NS_ASSERTIONS = NO;
				ENABLE_STRICT_OBJC_MSGSEND = YES;
				GCC_C_LANGUAGE_STANDARD = gnu11;
				GCC_NO_COMMON_BLOCKS = YES;
				GCC_WARN_64_TO_32_BIT_CONVERSION = YES;
				GCC_WARN_ABOUT_RETURN_TYPE = YES_ERROR;
				GCC_WARN_UNDECLARED_SELECTOR = YES;
				GCC_WARN_UNINITIALIZED_AUTOS = YES_AGGRESSIVE;
				GCC_WARN_UNUSED_FUNCTION = YES;
				GCC_WARN_UNUSED_VARIABLE = YES;
				IPHONEOS_DEPLOYMENT_TARGET = 16.4;
				MTL_ENABLE_DEBUG_INFO = NO;
				MTL_FAST_MATH = YES;
				SDKROOT = iphoneos;
				SWIFT_COMPILATION_MODE = wholemodule;
				SWIFT_OPTIMIZATION_LEVEL = "-O";
				VALIDATE_PRODUCT = YES;
			};
			name = Release;
		};
		954A5C6A2A8CC416008257D4 /* Debug */ = {
			isa = XCBuildConfiguration;
			buildSettings = {
				ASSETCATALOG_COMPILER_APPICON_NAME = AppIcon;
				ASSETCATALOG_COMPILER_GLOBAL_ACCENT_COLOR_NAME = AccentColor;
				CODE_SIGN_STYLE = Automatic;
				CURRENT_PROJECT_VERSION = 1;
				DEVELOPMENT_ASSET_PATHS = "\"monopoly/Preview Content\"";
				ENABLE_PREVIEWS = YES;
				GENERATE_INFOPLIST_FILE = YES;
				INFOPLIST_KEY_UIApplicationSceneManifest_Generation = YES;
				INFOPLIST_KEY_UIApplicationSupportsIndirectInputEvents = YES;
				INFOPLIST_KEY_UILaunchScreen_Generation = YES;
				INFOPLIST_KEY_UISupportedInterfaceOrientations_iPad = "UIInterfaceOrientationPortrait UIInterfaceOrientationPortraitUpsideDown UIInterfaceOrientationLandscapeLeft UIInterfaceOrientationLandscapeRight";
				INFOPLIST_KEY_UISupportedInterfaceOrientations_iPhone = "UIInterfaceOrientationPortrait UIInterfaceOrientationLandscapeLeft UIInterfaceOrientationLandscapeRight";
				LD_RUNPATH_SEARCH_PATHS = (
					"$(inherited)",
					"@executable_path/Frameworks",
				);
				MARKETING_VERSION = 1.0;
				PRODUCT_BUNDLE_IDENTIFIER = vn.edu.rmit.edu.monopoly;
				PRODUCT_NAME = "$(TARGET_NAME)";
				SWIFT_EMIT_LOC_STRINGS = YES;
				SWIFT_VERSION = 5.0;
				TARGETED_DEVICE_FAMILY = "1,2";
			};
			name = Debug;
		};
		954A5C6B2A8CC416008257D4 /* Release */ = {
			isa = XCBuildConfiguration;
			buildSettings = {
				ASSETCATALOG_COMPILER_APPICON_NAME = AppIcon;
				ASSETCATALOG_COMPILER_GLOBAL_ACCENT_COLOR_NAME = AccentColor;
				CODE_SIGN_STYLE = Automatic;
				CURRENT_PROJECT_VERSION = 1;
				DEVELOPMENT_ASSET_PATHS = "\"monopoly/Preview Content\"";
				ENABLE_PREVIEWS = YES;
				GENERATE_INFOPLIST_FILE = YES;
				INFOPLIST_KEY_UIApplicationSceneManifest_Generation = YES;
				INFOPLIST_KEY_UIApplicationSupportsIndirectInputEvents = YES;
				INFOPLIST_KEY_UILaunchScreen_Generation = YES;
				INFOPLIST_KEY_UISupportedInterfaceOrientations_iPad = "UIInterfaceOrientationPortrait UIInterfaceOrientationPortraitUpsideDown UIInterfaceOrientationLandscapeLeft UIInterfaceOrientationLandscapeRight";
				INFOPLIST_KEY_UISupportedInterfaceOrientations_iPhone = "UIInterfaceOrientationPortrait UIInterfaceOrientationLandscapeLeft UIInterfaceOrientationLandscapeRight";
				LD_RUNPATH_SEARCH_PATHS = (
					"$(inherited)",
					"@executable_path/Frameworks",
				);
				MARKETING_VERSION = 1.0;
				PRODUCT_BUNDLE_IDENTIFIER = vn.edu.rmit.edu.monopoly;
				PRODUCT_NAME = "$(TARGET_NAME)";
				SWIFT_EMIT_LOC_STRINGS = YES;
				SWIFT_VERSION = 5.0;
				TARGETED_DEVICE_FAMILY = "1,2";
			};
			name = Release;
		};
/* End XCBuildConfiguration section */

/* Begin XCConfigurationList section */
		954A5C562A8CC415008257D4 /* Build configuration list for PBXProject "monopoly" */ = {
			isa = XCConfigurationList;
			buildConfigurations = (
				954A5C672A8CC416008257D4 /* Debug */,
				954A5C682A8CC416008257D4 /* Release */,
			);
			defaultConfigurationIsVisible = 0;
			defaultConfigurationName = Release;
		};
		954A5C692A8CC416008257D4 /* Build configuration list for PBXNativeTarget "monopoly" */ = {
			isa = XCConfigurationList;
			buildConfigurations = (
				954A5C6A2A8CC416008257D4 /* Debug */,
				954A5C6B2A8CC416008257D4 /* Release */,
			);
			defaultConfigurationIsVisible = 0;
			defaultConfigurationName = Release;
		};
/* End XCConfigurationList section */
	};
	rootObject = 954A5C532A8CC415008257D4 /* Project object */;
}
